
Microsoft Visual Studio Solution File, Format Version 12.00
# Visual Studio Version 17
VisualStudioVersion = 17.14.36623.8 d17.14
MinimumVisualStudioVersion = 10.0.40219.1
Project("{FAE04EC0-301F-11D3-BF4B-00C04F79EFBC}") = "BackEnd S5-L5", "BackEnd S5-L5\BackEnd S5-L5.csproj", "{1300CD4B-6F16-4257-991E-0FAA5FE7EC07}"
EndProject
Global
	GlobalSection(SolutionConfigurationPlatforms) = preSolution
		Debug|Any CPU = Debug|Any CPU
		Release|Any CPU = Release|Any CPU
	EndGlobalSection
	GlobalSection(ProjectConfigurationPlatforms) = postSolution
		{1300CD4B-6F16-4257-991E-0FAA5FE7EC07}.Debug|Any CPU.ActiveCfg = Debug|Any CPU
		{1300CD4B-6F16-4257-991E-0FAA5FE7EC07}.Debug|Any CPU.Build.0 = Debug|Any CPU
		{1300CD4B-6F16-4257-991E-0FAA5FE7EC07}.Release|Any CPU.ActiveCfg = Release|Any CPU
		{1300CD4B-6F16-4257-991E-0FAA5FE7EC07}.Release|Any CPU.Build.0 = Release|Any CPU
	EndGlobalSection
	GlobalSection(SolutionProperties) = preSolution
		HideSolutionNode = FALSE
	EndGlobalSection
	GlobalSection(ExtensibilityGlobals) = postSolution
		SolutionGuid = {B3EB6459-47C4-4D62-B265-269F4A6D7FAF}
	EndGlobalSection
EndGlobal
